
Microsoft Visual Studio Solution File, Format Version 12.00
# Visual Studio 2012
Project("{FAE04EC0-301F-11D3-BF4B-00C04F79EFBC}") = "winform_SeerAgv_MapDisplay", "winform_SeerAgv_MapDisplay\winform_SeerAgv_MapDisplay.csproj", "{EF1CFF78-0EE4-4640-8CE7-A61CA33BFDEC}"
EndProject
Global
	GlobalSection(SolutionConfigurationPlatforms) = preSolution
		Debug|Any CPU = Debug|Any CPU
		Release|Any CPU = Release|Any CPU
	EndGlobalSection
	GlobalSection(ProjectConfigurationPlatforms) = postSolution
		{EF1CFF78-0EE4-4640-8CE7-A61CA33BFDEC}.Debug|Any CPU.ActiveCfg = Debug|Any CPU
		{EF1CFF78-0EE4-4640-8CE7-A61CA33BFDEC}.Debug|Any CPU.Build.0 = Debug|Any CPU
		{EF1CFF78-0EE4-4640-8CE7-A61CA33BFDEC}.Release|Any CPU.ActiveCfg = Release|Any CPU
		{EF1CFF78-0EE4-4640-8CE7-A61CA33BFDEC}.Release|Any CPU.Build.0 = Release|Any CPU
	EndGlobalSection
	GlobalSection(SolutionProperties) = preSolution
		HideSolutionNode = FALSE
	EndGlobalSection
EndGlobal
